// !$*UTF8*$!
{
	archiveVersion = 1;
	classes = {
	};
	objectVersion = 46;
	objects = {

/* Begin PBXBuildFile section */
		1A0967AC1ECE1AE200DDDD0B /* Pin+CoreDataClass.swift in Sources */ = {isa = PBXBuildFile; fileRef = 1A0967A81ECE1AE200DDDD0B /* Pin+CoreDataClass.swift */; };
		1A0967AD1ECE1AE200DDDD0B /* Pin+CoreDataProperties.swift in Sources */ = {isa = PBXBuildFile; fileRef = 1A0967A91ECE1AE200DDDD0B /* Pin+CoreDataProperties.swift */; };
		1A0967AE1ECE1AE200DDDD0B /* Photo+CoreDataClass.swift in Sources */ = {isa = PBXBuildFile; fileRef = 1A0967AA1ECE1AE200DDDD0B /* Photo+CoreDataClass.swift */; };
		1A0967AF1ECE1AE200DDDD0B /* Photo+CoreDataProperties.swift in Sources */ = {isa = PBXBuildFile; fileRef = 1A0967AB1ECE1AE200DDDD0B /* Photo+CoreDataProperties.swift */; };
		1A0967B11ED0355900DDDD0B /* PhotoAlbumCollectionViewCell.swift in Sources */ = {isa = PBXBuildFile; fileRef = 1A0967B01ED0355900DDDD0B /* PhotoAlbumCollectionViewCell.swift */; };
		1A105A5B1EBF45AE0026343E /* AppDelegate.swift in Sources */ = {isa = PBXBuildFile; fileRef = 1A105A5A1EBF45AE0026343E /* AppDelegate.swift */; };
		1A105A5D1EBF45AE0026343E /* TravelMapViewController.swift in Sources */ = {isa = PBXBuildFile; fileRef = 1A105A5C1EBF45AE0026343E /* TravelMapViewController.swift */; };
		1A105A601EBF45AE0026343E /* Main.storyboard in Resources */ = {isa = PBXBuildFile; fileRef = 1A105A5E1EBF45AE0026343E /* Main.storyboard */; };
		1A105A631EBF45AE0026343E /* Toristo_Virtuale.xcdatamodeld in Sources */ = {isa = PBXBuildFile; fileRef = 1A105A611EBF45AE0026343E /* Toristo_Virtuale.xcdatamodeld */; };
		1A105A651EBF45AE0026343E /* Assets.xcassets in Resources */ = {isa = PBXBuildFile; fileRef = 1A105A641EBF45AE0026343E /* Assets.xcassets */; };
		1A105A681EBF45AE0026343E /* LaunchScreen.storyboard in Resources */ = {isa = PBXBuildFile; fileRef = 1A105A661EBF45AE0026343E /* LaunchScreen.storyboard */; };
		1A4E740A1EC5A82200CC16F8 /* FlickrDownloader.swift in Sources */ = {isa = PBXBuildFile; fileRef = 1A4E74091EC5A82200CC16F8 /* FlickrDownloader.swift */; };
		1A4E741C1EC5CECF00CC16F8 /* GlobalFunctions.swift in Sources */ = {isa = PBXBuildFile; fileRef = 1A4E741B1EC5CECF00CC16F8 /* GlobalFunctions.swift */; };
		1A9C63F01EC3648600283D07 /* PhotoAlbumViewController.swift in Sources */ = {isa = PBXBuildFile; fileRef = 1A9C63EF1EC3648600283D07 /* PhotoAlbumViewController.swift */; };
		1A9C63F21EC364EF00283D07 /* CoreDataStack.swift in Sources */ = {isa = PBXBuildFile; fileRef = 1A9C63F11EC364EF00283D07 /* CoreDataStack.swift */; };
		1A9C63F41EC3656F00283D07 /* Constants.swift in Sources */ = {isa = PBXBuildFile; fileRef = 1A9C63F31EC3656F00283D07 /* Constants.swift */; };
/* End PBXBuildFile section */

/* Begin PBXFileReference section */
		1A0967A81ECE1AE200DDDD0B /* Pin+CoreDataClass.swift */ = {isa = PBXFileReference; fileEncoding = 4; lastKnownFileType = sourcecode.swift; path = "Pin+CoreDataClass.swift"; sourceTree = "<group>"; };
		1A0967A91ECE1AE200DDDD0B /* Pin+CoreDataProperties.swift */ = {isa = PBXFileReference; fileEncoding = 4; lastKnownFileType = sourcecode.swift; path = "Pin+CoreDataProperties.swift"; sourceTree = "<group>"; };
		1A0967AA1ECE1AE200DDDD0B /* Photo+CoreDataClass.swift */ = {isa = PBXFileReference; fileEncoding = 4; lastKnownFileType = sourcecode.swift; path = "Photo+CoreDataClass.swift"; sourceTree = "<group>"; };
		1A0967AB1ECE1AE200DDDD0B /* Photo+CoreDataProperties.swift */ = {isa = PBXFileReference; fileEncoding = 4; lastKnownFileType = sourcecode.swift; path = "Photo+CoreDataProperties.swift"; sourceTree = "<group>"; };
		1A0967B01ED0355900DDDD0B /* PhotoAlbumCollectionViewCell.swift */ = {isa = PBXFileReference; fileEncoding = 4; lastKnownFileType = sourcecode.swift; path = PhotoAlbumCollectionViewCell.swift; sourceTree = "<group>"; };
		1A0967B21ED19BA200DDDD0B /* Toristo_Virtuale 2.xcdatamodel */ = {isa = PBXFileReference; lastKnownFileType = wrapper.xcdatamodel; path = "Toristo_Virtuale 2.xcdatamodel"; sourceTree = "<group>"; };
		1A105A571EBF45AE0026343E /* Toristo Virtuale.app */ = {isa = PBXFileReference; explicitFileType = wrapper.application; includeInIndex = 0; path = "Toristo Virtuale.app"; sourceTree = BUILT_PRODUCTS_DIR; };
		1A105A5A1EBF45AE0026343E /* AppDelegate.swift */ = {isa = PBXFileReference; lastKnownFileType = sourcecode.swift; path = AppDelegate.swift; sourceTree = "<group>"; };
		1A105A5C1EBF45AE0026343E /* TravelMapViewController.swift */ = {isa = PBXFileReference; lastKnownFileType = sourcecode.swift; path = TravelMapViewController.swift; sourceTree = "<group>"; };
		1A105A5F1EBF45AE0026343E /* Base */ = {isa = PBXFileReference; lastKnownFileType = file.storyboard; name = Base; path = Base.lproj/Main.storyboard; sourceTree = "<group>"; };
		1A105A621EBF45AE0026343E /* Toristo_Virtuale.xcdatamodel */ = {isa = PBXFileReference; lastKnownFileType = wrapper.xcdatamodel; path = Toristo_Virtuale.xcdatamodel; sourceTree = "<group>"; };
		1A105A641EBF45AE0026343E /* Assets.xcassets */ = {isa = PBXFileReference; lastKnownFileType = folder.assetcatalog; path = Assets.xcassets; sourceTree = "<group>"; };
		1A105A671EBF45AE0026343E /* Base */ = {isa = PBXFileReference; lastKnownFileType = file.storyboard; name = Base; path = Base.lproj/LaunchScreen.storyboard; sourceTree = "<group>"; };
		1A105A691EBF45AE0026343E /* Info.plist */ = {isa = PBXFileReference; lastKnownFileType = text.plist.xml; path = Info.plist; sourceTree = "<group>"; };
		1A4E74091EC5A82200CC16F8 /* FlickrDownloader.swift */ = {isa = PBXFileReference; fileEncoding = 4; lastKnownFileType = sourcecode.swift; path = FlickrDownloader.swift; sourceTree = "<group>"; };
		1A4E741B1EC5CECF00CC16F8 /* GlobalFunctions.swift */ = {isa = PBXFileReference; fileEncoding = 4; lastKnownFileType = sourcecode.swift; path = GlobalFunctions.swift; sourceTree = "<group>"; };
		1A9C63EF1EC3648600283D07 /* PhotoAlbumViewController.swift */ = {isa = PBXFileReference; fileEncoding = 4; lastKnownFileType = sourcecode.swift; path = PhotoAlbumViewController.swift; sourceTree = "<group>"; };
		1A9C63F11EC364EF00283D07 /* CoreDataStack.swift */ = {isa = PBXFileReference; fileEncoding = 4; lastKnownFileType = sourcecode.swift; path = CoreDataStack.swift; sourceTree = "<group>"; };
		1A9C63F31EC3656F00283D07 /* Constants.swift */ = {isa = PBXFileReference; fileEncoding = 4; lastKnownFileType = sourcecode.swift; path = Constants.swift; sourceTree = "<group>"; };
/* End PBXFileReference section */

/* Begin PBXFrameworksBuildPhase section */
		1A105A541EBF45AE0026343E /* Frameworks */ = {
			isa = PBXFrameworksBuildPhase;
			buildActionMask = 2147483647;
			files = (
			);
			runOnlyForDeploymentPostprocessing = 0;
		};
/* End PBXFrameworksBuildPhase section */

/* Begin PBXGroup section */
		1A105A4E1EBF45AE0026343E = {
			isa = PBXGroup;
			children = (
				1A105A591EBF45AE0026343E /* Toristo Virtuale */,
				1A105A581EBF45AE0026343E /* Products */,
			);
			sourceTree = "<group>";
		};
		1A105A581EBF45AE0026343E /* Products */ = {
			isa = PBXGroup;
			children = (
				1A105A571EBF45AE0026343E /* Toristo Virtuale.app */,
			);
			name = Products;
			sourceTree = "<group>";
		};
		1A105A591EBF45AE0026343E /* Toristo Virtuale */ = {
			isa = PBXGroup;
			children = (
				1A105A5A1EBF45AE0026343E /* AppDelegate.swift */,
				1A4E741B1EC5CECF00CC16F8 /* GlobalFunctions.swift */,
				1A105A6F1EBF46140026343E /* Model */,
				1A105A711EBF47400026343E /* ViewControllers */,
				1A9C63EE1EC3624C00283D07 /* Views */,
				1A105A701EBF47220026343E /* Assets */,
				1A105A721EBF47560026343E /* Supportive Files */,
			);
			path = "Toristo Virtuale";
			sourceTree = "<group>";
		};
		1A105A6F1EBF46140026343E /* Model */ = {
			isa = PBXGroup;
			children = (
				1A9C63F11EC364EF00283D07 /* CoreDataStack.swift */,
				1A4E74091EC5A82200CC16F8 /* FlickrDownloader.swift */,
				1A105A611EBF45AE0026343E /* Toristo_Virtuale.xcdatamodeld */,
				1A0967A81ECE1AE200DDDD0B /* Pin+CoreDataClass.swift */,
				1A0967A91ECE1AE200DDDD0B /* Pin+CoreDataProperties.swift */,
				1A0967AA1ECE1AE200DDDD0B /* Photo+CoreDataClass.swift */,
				1A0967AB1ECE1AE200DDDD0B /* Photo+CoreDataProperties.swift */,
			);
			name = Model;
			sourceTree = "<group>";
		};
		1A105A701EBF47220026343E /* Assets */ = {
			isa = PBXGroup;
			children = (
				1A105A5E1EBF45AE0026343E /* Main.storyboard */,
				1A105A641EBF45AE0026343E /* Assets.xcassets */,
				1A105A661EBF45AE0026343E /* LaunchScreen.storyboard */,
			);
			name = Assets;
			sourceTree = "<group>";
		};
		1A105A711EBF47400026343E /* ViewControllers */ = {
			isa = PBXGroup;
			children = (
				1A105A5C1EBF45AE0026343E /* TravelMapViewController.swift */,
				1A9C63EF1EC3648600283D07 /* PhotoAlbumViewController.swift */,
			);
			name = ViewControllers;
			sourceTree = "<group>";
		};
		1A105A721EBF47560026343E /* Supportive Files */ = {
			isa = PBXGroup;
			children = (
				1A9C63F31EC3656F00283D07 /* Constants.swift */,
				1A105A691EBF45AE0026343E /* Info.plist */,
			);
			name = "Supportive Files";
			sourceTree = "<group>";
		};
		1A9C63EE1EC3624C00283D07 /* Views */ = {
			isa = PBXGroup;
			children = (
				1A0967B01ED0355900DDDD0B /* PhotoAlbumCollectionViewCell.swift */,
			);
			name = Views;
			sourceTree = "<group>";
		};
/* End PBXGroup section */

/* Begin PBXNativeTarget section */
		1A105A561EBF45AE0026343E /* Toristo Virtuale */ = {
			isa = PBXNativeTarget;
			buildConfigurationList = 1A105A6C1EBF45AE0026343E /* Build configuration list for PBXNativeTarget "Toristo Virtuale" */;
			buildPhases = (
				1A105A531EBF45AE0026343E /* Sources */,
				1A105A541EBF45AE0026343E /* Frameworks */,
				1A105A551EBF45AE0026343E /* Resources */,
			);
			buildRules = (
			);
			dependencies = (
			);
			name = "Toristo Virtuale";
			productName = "Toristo Virtuale";
			productReference = 1A105A571EBF45AE0026343E /* Toristo Virtuale.app */;
			productType = "com.apple.product-type.application";
		};
/* End PBXNativeTarget section */

/* Begin PBXProject section */
		1A105A4F1EBF45AE0026343E /* Project object */ = {
			isa = PBXProject;
			attributes = {
				LastSwiftUpdateCheck = 0830;
				LastUpgradeCheck = 0830;
				ORGANIZATIONNAME = "Petr Stenin";
				TargetAttributes = {
					1A105A561EBF45AE0026343E = {
						CreatedOnToolsVersion = 8.3.2;
						DevelopmentTeam = N47XY52856;
						ProvisioningStyle = Automatic;
					};
				};
			};
			buildConfigurationList = 1A105A521EBF45AE0026343E /* Build configuration list for PBXProject "Toristo Virtuale" */;
			compatibilityVersion = "Xcode 3.2";
			developmentRegion = English;
			hasScannedForEncodings = 0;
			knownRegions = (
				en,
				Base,
			);
			mainGroup = 1A105A4E1EBF45AE0026343E;
			productRefGroup = 1A105A581EBF45AE0026343E /* Products */;
			projectDirPath = "";
			projectRoot = "";
			targets = (
				1A105A561EBF45AE0026343E /* Toristo Virtuale */,
			);
		};
/* End PBXProject section */

/* Begin PBXResourcesBuildPhase section */
		1A105A551EBF45AE0026343E /* Resources */ = {
			isa = PBXResourcesBuildPhase;
			buildActionMask = 2147483647;
			files = (
				1A105A681EBF45AE0026343E /* LaunchScreen.storyboard in Resources */,
				1A105A651EBF45AE0026343E /* Assets.xcassets in Resources */,
				1A105A601EBF45AE0026343E /* Main.storyboard in Resources */,
			);
			runOnlyForDeploymentPostprocessing = 0;
		};
/* End PBXResourcesBuildPhase section */

/* Begin PBXSourcesBuildPhase section */
		1A105A531EBF45AE0026343E /* Sources */ = {
			isa = PBXSourcesBuildPhase;
			buildActionMask = 2147483647;
			files = (
				1A0967AC1ECE1AE200DDDD0B /* Pin+CoreDataClass.swift in Sources */,
				1A0967AE1ECE1AE200DDDD0B /* Photo+CoreDataClass.swift in Sources */,
				1A9C63F21EC364EF00283D07 /* CoreDataStack.swift in Sources */,
				1A105A631EBF45AE0026343E /* Toristo_Virtuale.xcdatamodeld in Sources */,
				1A0967AD1ECE1AE200DDDD0B /* Pin+CoreDataProperties.swift in Sources */,
				1A4E741C1EC5CECF00CC16F8 /* GlobalFunctions.swift in Sources */,
				1A0967AF1ECE1AE200DDDD0B /* Photo+CoreDataProperties.swift in Sources */,
				1A4E740A1EC5A82200CC16F8 /* FlickrDownloader.swift in Sources */,
				1A105A5D1EBF45AE0026343E /* TravelMapViewController.swift in Sources */,
				1A105A5B1EBF45AE0026343E /* AppDelegate.swift in Sources */,
				1A9C63F01EC3648600283D07 /* PhotoAlbumViewController.swift in Sources */,
				1A9C63F41EC3656F00283D07 /* Constants.swift in Sources */,
				1A0967B11ED0355900DDDD0B /* PhotoAlbumCollectionViewCell.swift in Sources */,
			);
			runOnlyForDeploymentPostprocessing = 0;
		};
/* End PBXSourcesBuildPhase section */

/* Begin PBXVariantGroup section */
		1A105A5E1EBF45AE0026343E /* Main.storyboard */ = {
			isa = PBXVariantGroup;
			children = (
				1A105A5F1EBF45AE0026343E /* Base */,
			);
			name = Main.storyboard;
			sourceTree = "<group>";
		};
		1A105A661EBF45AE0026343E /* LaunchScreen.storyboard */ = {
			isa = PBXVariantGroup;
			children = (
				1A105A671EBF45AE0026343E /* Base */,
			);
			name = LaunchScreen.storyboard;
			sourceTree = "<group>";
		};
/* End PBXVariantGroup section */

/* Begin XCBuildConfiguration section */
		1A105A6A1EBF45AE0026343E /* Debug */ = {
			isa = XCBuildConfiguration;
			buildSettings = {
				ALWAYS_SEARCH_USER_PATHS = NO;
				CLANG_ANALYZER_NONNULL = YES;
				CLANG_ANALYZER_NUMBER_OBJECT_CONVERSION = YES_AGGRESSIVE;
				CLANG_CXX_LANGUAGE_STANDARD = "gnu++0x";
				CLANG_CXX_LIBRARY = "libc++";
				CLANG_ENABLE_MODULES = YES;
				CLANG_ENABLE_OBJC_ARC = YES;
				CLANG_WARN_BOOL_CONVERSION = YES;
				CLANG_WARN_CONSTANT_CONVERSION = YES;
				CLANG_WARN_DIRECT_OBJC_ISA_USAGE = YES_ERROR;
				CLANG_WARN_DOCUMENTATION_COMMENTS = YES;
				CLANG_WARN_EMPTY_BODY = YES;
				CLANG_WARN_ENUM_CONVERSION = YES;
				CLANG_WARN_INFINITE_RECURSION = YES;
				CLANG_WARN_INT_CONVERSION = YES;
				CLANG_WARN_OBJC_ROOT_CLASS = YES_ERROR;
				CLANG_WARN_SUSPICIOUS_MOVE = YES;
				CLANG_WARN_UNREACHABLE_CODE = YES;
				CLANG_WARN__DUPLICATE_METHOD_MATCH = YES;
				"CODE_SIGN_IDENTITY[sdk=iphoneos*]" = "iPhone Developer";
				COPY_PHASE_STRIP = NO;
				DEBUG_INFORMATION_FORMAT = dwarf;
				ENABLE_STRICT_OBJC_MSGSEND = YES;
				ENABLE_TESTABILITY = YES;
				GCC_C_LANGUAGE_STANDARD = gnu99;
				GCC_DYNAMIC_NO_PIC = NO;
				GCC_NO_COMMON_BLOCKS = YES;
				GCC_OPTIMIZATION_LEVEL = 0;
				GCC_PREPROCESSOR_DEFINITIONS = (
					"DEBUG=1",
					"$(inherited)",
				);
				GCC_WARN_64_TO_32_BIT_CONVERSION = YES;
				GCC_WARN_ABOUT_RETURN_TYPE = YES_ERROR;
				GCC_WARN_UNDECLARED_SELECTOR = YES;
				GCC_WARN_UNINITIALIZED_AUTOS = YES_AGGRESSIVE;
				GCC_WARN_UNUSED_FUNCTION = YES;
				GCC_WARN_UNUSED_VARIABLE = YES;
				IPHONEOS_DEPLOYMENT_TARGET = 10.3;
				MTL_ENABLE_DEBUG_INFO = YES;
				ONLY_ACTIVE_ARCH = YES;
				SDKROOT = iphoneos;
				SWIFT_ACTIVE_COMPILATION_CONDITIONS = DEBUG;
				SWIFT_OPTIMIZATION_LEVEL = "-Onone";
				TARGETED_DEVICE_FAMILY = "1,2";
			};
			name = Debug;
		};
		1A105A6B1EBF45AE0026343E /* Release */ = {
			isa = XCBuildConfiguration;
			buildSettings = {
				ALWAYS_SEARCH_USER_PATHS = NO;
				CLANG_ANALYZER_NONNULL = YES;
				CLANG_ANALYZER_NUMBER_OBJECT_CONVERSION = YES_AGGRESSIVE;
				CLANG_CXX_LANGUAGE_STANDARD = "gnu++0x";
				CLANG_CXX_LIBRARY = "libc++";
				CLANG_ENABLE_MODULES = YES;
				CLANG_ENABLE_OBJC_ARC = YES;
				CLANG_WARN_BOOL_CONVERSION = YES;
				CLANG_WARN_CONSTANT_CONVERSION = YES;
				CLANG_WARN_DIRECT_OBJC_ISA_USAGE = YES_ERROR;
				CLANG_WARN_DOCUMENTATION_COMMENTS = YES;
				CLANG_WARN_EMPTY_BODY = YES;
				CLANG_WARN_ENUM_CONVERSION = YES;
				CLANG_WARN_INFINITE_RECURSION = YES;
				CLANG_WARN_INT_CONVERSION = YES;
				CLANG_WARN_OBJC_ROOT_CLASS = YES_ERROR;
				CLANG_WARN_SUSPICIOUS_MOVE = YES;
				CLANG_WARN_UNREACHABLE_CODE = YES;
				CLANG_WARN__DUPLICATE_METHOD_MATCH = YES;
				"CODE_SIGN_IDENTITY[sdk=iphoneos*]" = "iPhone Developer";
				COPY_PHASE_STRIP = NO;
				DEBUG_INFORMATION_FORMAT = "dwarf-with-dsym";
				ENABLE_NS_ASSERTIONS = NO;
				ENABLE_STRICT_OBJC_MSGSEND = YES;
				GCC_C_LANGUAGE_STANDARD = gnu99;
				GCC_NO_COMMON_BLOCKS = YES;
				GCC_WARN_64_TO_32_BIT_CONVERSION = YES;
				GCC_WARN_ABOUT_RETURN_TYPE = YES_ERROR;
				GCC_WARN_UNDECLARED_SELECTOR = YES;
				GCC_WARN_UNINITIALIZED_AUTOS = YES_AGGRESSIVE;
				GCC_WARN_UNUSED_FUNCTION = YES;
				GCC_WARN_UNUSED_VARIABLE = YES;
				IPHONEOS_DEPLOYMENT_TARGET = 10.3;
				MTL_ENABLE_DEBUG_INFO = NO;
				SDKROOT = iphoneos;
				SWIFT_OPTIMIZATION_LEVEL = "-Owholemodule";
				TARGETED_DEVICE_FAMILY = "1,2";
				VALIDATE_PRODUCT = YES;
			};
			name = Release;
		};
		1A105A6D1EBF45AE0026343E /* Debug */ = {
			isa = XCBuildConfiguration;
			buildSettings = {
				ASSETCATALOG_COMPILER_APPICON_NAME = AppIcon;
				DEVELOPMENT_TEAM = N47XY52856;
				INFOPLIST_FILE = "Toristo Virtuale/Info.plist";
				IPHONEOS_DEPLOYMENT_TARGET = 10.3;
				LD_RUNPATH_SEARCH_PATHS = "$(inherited) @executable_path/Frameworks";
				PRODUCT_BUNDLE_IDENTIFIER = "stenpety.Toristo-Virtuale";
				PRODUCT_NAME = "$(TARGET_NAME)";
				SWIFT_VERSION = 3.0;
			};
			name = Debug;
		};
		1A105A6E1EBF45AE0026343E /* Release */ = {
			isa = XCBuildConfiguration;
			buildSettings = {
				ASSETCATALOG_COMPILER_APPICON_NAME = AppIcon;
				DEVELOPMENT_TEAM = N47XY52856;
				INFOPLIST_FILE = "Toristo Virtuale/Info.plist";
				IPHONEOS_DEPLOYMENT_TARGET = 10.3;
				LD_RUNPATH_SEARCH_PATHS = "$(inherited) @executable_path/Frameworks";
				PRODUCT_BUNDLE_IDENTIFIER = "stenpety.Toristo-Virtuale";
				PRODUCT_NAME = "$(TARGET_NAME)";
				SWIFT_VERSION = 3.0;
			};
			name = Release;
		};
/* End XCBuildConfiguration section */

/* Begin XCConfigurationList section */
		1A105A521EBF45AE0026343E /* Build configuration list for PBXProject "Toristo Virtuale" */ = {
			isa = XCConfigurationList;
			buildConfigurations = (
				1A105A6A1EBF45AE0026343E /* Debug */,
				1A105A6B1EBF45AE0026343E /* Release */,
			);
			defaultConfigurationIsVisible = 0;
			defaultConfigurationName = Release;
		};
		1A105A6C1EBF45AE0026343E /* Build configuration list for PBXNativeTarget "Toristo Virtuale" */ = {
			isa = XCConfigurationList;
			buildConfigurations = (
				1A105A6D1EBF45AE0026343E /* Debug */,
				1A105A6E1EBF45AE0026343E /* Release */,
			);
			defaultConfigurationIsVisible = 0;
			defaultConfigurationName = Release;
		};
/* End XCConfigurationList section */

/* Begin XCVersionGroup section */
		1A105A611EBF45AE0026343E /* Toristo_Virtuale.xcdatamodeld */ = {
			isa = XCVersionGroup;
			children = (
				1A0967B21ED19BA200DDDD0B /* Toristo_Virtuale 2.xcdatamodel */,
				1A105A621EBF45AE0026343E /* Toristo_Virtuale.xcdatamodel */,
			);
			currentVersion = 1A0967B21ED19BA200DDDD0B /* Toristo_Virtuale 2.xcdatamodel */;
			path = Toristo_Virtuale.xcdatamodeld;
			sourceTree = "<group>";
			versionGroupType = wrapper.xcdatamodel;
		};
/* End XCVersionGroup section */
	};
	rootObject = 1A105A4F1EBF45AE0026343E /* Project object */;
}
